{
  "name": "banah",
  "version": "1.0.0",
  "lockfileVersion": 3,
  "requires": true,
  "packages": {
    "": {
      "name": "banah",
      "version": "1.0.0",
      "license": "MIT",
      "dependencies": {
        "commander": "^12.1.0"
      },
      "bin": {
        "banah": "bin/banah.js"
      },
      "devDependencies": {
        "colors-cli": "^1.0.33"
      }
    },
    "node_modules/colors-cli": {
      "version": "1.0.33",
      "resolved": "https://registry.npmjs.org/colors-cli/-/colors-cli-1.0.33.tgz",
      "integrity": "sha512-PWGsmoJFdOB0t+BeHgmtuoRZUQucOLl5ii81NBzOOGVxlgE04muFNHlR5j8i8MKbOPELBl3243AI6lGBTj5ICQ==",
      "dev": true,
      "license": "MIT",
      "bin": {
        "colors": "bin/colors"
      },
      "funding": {
        "url": "https://jaywcjlove.github.io/#/sponsor"
      }
    },
    "node_modules/commander": {
      "version": "12.1.0",
      "resolved": "https://registry.npmjs.org/commander/-/commander-12.1.0.tgz",
      "integrity": "sha512-Vw8qHK3bZM9y/P10u3Vib8o/DdkvA2OtPtZvD871QKjy74Wj1WSKFILMPRPSdUSx5RFK1arlJzEtA4PkFgnbuA==",
      "license": "MIT",
      "engines": {
        "node": ">=18"
      }
    }
  }
}
